// !$*UTF8*$!
{
	archiveVersion = 1;
	classes = {
	};
	objectVersion = 55;
	objects = {

/* Begin PBXBuildFile section */
		2F03C5FB2852140900C58213 /* Game.swift in Sources */ = {isa = PBXBuildFile; fileRef = 2F03C5FA2852140900C58213 /* Game.swift */; };
		2F3A0B0D27F1C03F006490F7 /* AppDelegate.swift in Sources */ = {isa = PBXBuildFile; fileRef = 2F3A0B0C27F1C03F006490F7 /* AppDelegate.swift */; };
		2F3A0B0F27F1C040006490F7 /* SceneDelegate.swift in Sources */ = {isa = PBXBuildFile; fileRef = 2F3A0B0E27F1C040006490F7 /* SceneDelegate.swift */; };
		2F3A0B1127F1C040006490F7 /* ViewController.swift in Sources */ = {isa = PBXBuildFile; fileRef = 2F3A0B1027F1C040006490F7 /* ViewController.swift */; };
		2F3A0B1427F1C040006490F7 /* Main.storyboard in Resources */ = {isa = PBXBuildFile; fileRef = 2F3A0B1227F1C040006490F7 /* Main.storyboard */; };
		2F3A0B1627F1C048006490F7 /* Assets.xcassets in Resources */ = {isa = PBXBuildFile; fileRef = 2F3A0B1527F1C048006490F7 /* Assets.xcassets */; };
		2F3A0B1927F1C048006490F7 /* LaunchScreen.storyboard in Resources */ = {isa = PBXBuildFile; fileRef = 2F3A0B1727F1C048006490F7 /* LaunchScreen.storyboard */; };
		2F3A0B2427F1C049006490F7 /* TicTacKataTests.swift in Sources */ = {isa = PBXBuildFile; fileRef = 2F3A0B2327F1C049006490F7 /* TicTacKataTests.swift */; };
		2F3A0B2E27F1C049006490F7 /* TicTacKataUITests.swift in Sources */ = {isa = PBXBuildFile; fileRef = 2F3A0B2D27F1C049006490F7 /* TicTacKataUITests.swift */; };
		2F3A0B3027F1C049006490F7 /* TicTacKataUITestsLaunchTests.swift in Sources */ = {isa = PBXBuildFile; fileRef = 2F3A0B2F27F1C049006490F7 /* TicTacKataUITestsLaunchTests.swift */; };
		2F3A0B3E27F1C371006490F7 /* Grid.swift in Sources */ = {isa = PBXBuildFile; fileRef = 2F3A0B3D27F1C371006490F7 /* Grid.swift */; };
/* End PBXBuildFile section */

/* Begin PBXContainerItemProxy section */
		2F3A0B2027F1C049006490F7 /* PBXContainerItemProxy */ = {
			isa = PBXContainerItemProxy;
			containerPortal = 2F3A0B0127F1C03F006490F7 /* Project object */;
			proxyType = 1;
			remoteGlobalIDString = 2F3A0B0827F1C03F006490F7;
			remoteInfo = TicTacKata;
		};
		2F3A0B2A27F1C049006490F7 /* PBXContainerItemProxy */ = {
			isa = PBXContainerItemProxy;
			containerPortal = 2F3A0B0127F1C03F006490F7 /* Project object */;
			proxyType = 1;
			remoteGlobalIDString = 2F3A0B0827F1C03F006490F7;
			remoteInfo = TicTacKata;
		};
/* End PBXContainerItemProxy section */

/* Begin PBXFileReference section */
		2F03C5F928520EE400C58213 /* TicTacKata.entitlements */ = {isa = PBXFileReference; lastKnownFileType = text.plist.entitlements; path = TicTacKata.entitlements; sourceTree = "<group>"; };
		2F03C5FA2852140900C58213 /* Game.swift */ = {isa = PBXFileReference; lastKnownFileType = sourcecode.swift; path = Game.swift; sourceTree = "<group>"; };
		2F3A0B0927F1C03F006490F7 /* TicTacKata.app */ = {isa = PBXFileReference; explicitFileType = wrapper.application; includeInIndex = 0; path = TicTacKata.app; sourceTree = BUILT_PRODUCTS_DIR; };
		2F3A0B0C27F1C03F006490F7 /* AppDelegate.swift */ = {isa = PBXFileReference; lastKnownFileType = sourcecode.swift; path = AppDelegate.swift; sourceTree = "<group>"; };
		2F3A0B0E27F1C040006490F7 /* SceneDelegate.swift */ = {isa = PBXFileReference; lastKnownFileType = sourcecode.swift; path = SceneDelegate.swift; sourceTree = "<group>"; };
		2F3A0B1027F1C040006490F7 /* ViewController.swift */ = {isa = PBXFileReference; lastKnownFileType = sourcecode.swift; path = ViewController.swift; sourceTree = "<group>"; };
		2F3A0B1327F1C040006490F7 /* Base */ = {isa = PBXFileReference; lastKnownFileType = file.storyboard; name = Base; path = Base.lproj/Main.storyboard; sourceTree = "<group>"; };
		2F3A0B1527F1C048006490F7 /* Assets.xcassets */ = {isa = PBXFileReference; lastKnownFileType = folder.assetcatalog; path = Assets.xcassets; sourceTree = "<group>"; };
		2F3A0B1827F1C048006490F7 /* Base */ = {isa = PBXFileReference; lastKnownFileType = file.storyboard; name = Base; path = Base.lproj/LaunchScreen.storyboard; sourceTree = "<group>"; };
		2F3A0B1A27F1C048006490F7 /* Info.plist */ = {isa = PBXFileReference; lastKnownFileType = text.plist.xml; path = Info.plist; sourceTree = "<group>"; };
		2F3A0B1F27F1C049006490F7 /* TicTacKataTests.xctest */ = {isa = PBXFileReference; explicitFileType = wrapper.cfbundle; includeInIndex = 0; path = TicTacKataTests.xctest; sourceTree = BUILT_PRODUCTS_DIR; };
		2F3A0B2327F1C049006490F7 /* TicTacKataTests.swift */ = {isa = PBXFileReference; lastKnownFileType = sourcecode.swift; path = TicTacKataTests.swift; sourceTree = "<group>"; };
		2F3A0B2927F1C049006490F7 /* TicTacKataUITests.xctest */ = {isa = PBXFileReference; explicitFileType = wrapper.cfbundle; includeInIndex = 0; path = TicTacKataUITests.xctest; sourceTree = BUILT_PRODUCTS_DIR; };
		2F3A0B2D27F1C049006490F7 /* TicTacKataUITests.swift */ = {isa = PBXFileReference; lastKnownFileType = sourcecode.swift; path = TicTacKataUITests.swift; sourceTree = "<group>"; };
		2F3A0B2F27F1C049006490F7 /* TicTacKataUITestsLaunchTests.swift */ = {isa = PBXFileReference; lastKnownFileType = sourcecode.swift; path = TicTacKataUITestsLaunchTests.swift; sourceTree = "<group>"; };
		2F3A0B3D27F1C371006490F7 /* Grid.swift */ = {isa = PBXFileReference; lastKnownFileType = sourcecode.swift; path = Grid.swift; sourceTree = "<group>"; };
/* End PBXFileReference section */

/* Begin PBXFrameworksBuildPhase section */
		2F3A0B0627F1C03F006490F7 /* Frameworks */ = {
			isa = PBXFrameworksBuildPhase;
			buildActionMask = 2147483647;
			files = (
			);
			runOnlyForDeploymentPostprocessing = 0;
		};
		2F3A0B1C27F1C049006490F7 /* Frameworks */ = {
			isa = PBXFrameworksBuildPhase;
			buildActionMask = 2147483647;
			files = (
			);
			runOnlyForDeploymentPostprocessing = 0;
		};
		2F3A0B2627F1C049006490F7 /* Frameworks */ = {
			isa = PBXFrameworksBuildPhase;
			buildActionMask = 2147483647;
			files = (
			);
			runOnlyForDeploymentPostprocessing = 0;
		};
/* End PBXFrameworksBuildPhase section */

/* Begin PBXGroup section */
		2F3A0B0027F1C03F006490F7 = {
			isa = PBXGroup;
			children = (
				2F3A0B0B27F1C03F006490F7 /* TicTacKata */,
				2F3A0B2227F1C049006490F7 /* TicTacKataTests */,
				2F3A0B2C27F1C049006490F7 /* TicTacKataUITests */,
				2F3A0B0A27F1C03F006490F7 /* Products */,
			);
			sourceTree = "<group>";
		};
		2F3A0B0A27F1C03F006490F7 /* Products */ = {
			isa = PBXGroup;
			children = (
				2F3A0B0927F1C03F006490F7 /* TicTacKata.app */,
				2F3A0B1F27F1C049006490F7 /* TicTacKataTests.xctest */,
				2F3A0B2927F1C049006490F7 /* TicTacKataUITests.xctest */,
			);
			name = Products;
			sourceTree = "<group>";
		};
		2F3A0B0B27F1C03F006490F7 /* TicTacKata */ = {
			isa = PBXGroup;
			children = (
				2F03C5F928520EE400C58213 /* TicTacKata.entitlements */,
				2F3A0B3C27F1C35A006490F7 /* Models */,
				2F3A0B0C27F1C03F006490F7 /* AppDelegate.swift */,
				2F3A0B0E27F1C040006490F7 /* SceneDelegate.swift */,
				2F3A0B1027F1C040006490F7 /* ViewController.swift */,
				2F3A0B1227F1C040006490F7 /* Main.storyboard */,
				2F3A0B1527F1C048006490F7 /* Assets.xcassets */,
				2F3A0B1727F1C048006490F7 /* LaunchScreen.storyboard */,
				2F3A0B1A27F1C048006490F7 /* Info.plist */,
			);
			path = TicTacKata;
			sourceTree = "<group>";
		};
		2F3A0B2227F1C049006490F7 /* TicTacKataTests */ = {
			isa = PBXGroup;
			children = (
				2F3A0B2327F1C049006490F7 /* TicTacKataTests.swift */,
			);
			path = TicTacKataTests;
			sourceTree = "<group>";
		};
		2F3A0B2C27F1C049006490F7 /* TicTacKataUITests */ = {
			isa = PBXGroup;
			children = (
				2F3A0B2D27F1C049006490F7 /* TicTacKataUITests.swift */,
				2F3A0B2F27F1C049006490F7 /* TicTacKataUITestsLaunchTests.swift */,
			);
			path = TicTacKataUITests;
			sourceTree = "<group>";
		};
		2F3A0B3C27F1C35A006490F7 /* Models */ = {
			isa = PBXGroup;
			children = (
				2F3A0B3D27F1C371006490F7 /* Grid.swift */,
				2F03C5FA2852140900C58213 /* Game.swift */,
			);
			path = Models;
			sourceTree = "<group>";
		};
/* End PBXGroup section */

/* Begin PBXNativeTarget section */
		2F3A0B0827F1C03F006490F7 /* TicTacKata */ = {
			isa = PBXNativeTarget;
			buildConfigurationList = 2F3A0B3327F1C049006490F7 /* Build configuration list for PBXNativeTarget "TicTacKata" */;
			buildPhases = (
				2F3A0B0527F1C03F006490F7 /* Sources */,
				2F3A0B0627F1C03F006490F7 /* Frameworks */,
				2F3A0B0727F1C03F006490F7 /* Resources */,
			);
			buildRules = (
			);
			dependencies = (
			);
			name = TicTacKata;
			productName = TicTacKata;
			productReference = 2F3A0B0927F1C03F006490F7 /* TicTacKata.app */;
			productType = "com.apple.product-type.application";
		};
		2F3A0B1E27F1C049006490F7 /* TicTacKataTests */ = {
			isa = PBXNativeTarget;
			buildConfigurationList = 2F3A0B3627F1C049006490F7 /* Build configuration list for PBXNativeTarget "TicTacKataTests" */;
			buildPhases = (
				2F3A0B1B27F1C049006490F7 /* Sources */,
				2F3A0B1C27F1C049006490F7 /* Frameworks */,
				2F3A0B1D27F1C049006490F7 /* Resources */,
			);
			buildRules = (
			);
			dependencies = (
				2F3A0B2127F1C049006490F7 /* PBXTargetDependency */,
			);
			name = TicTacKataTests;
			productName = TicTacKataTests;
			productReference = 2F3A0B1F27F1C049006490F7 /* TicTacKataTests.xctest */;
			productType = "com.apple.product-type.bundle.unit-test";
		};
		2F3A0B2827F1C049006490F7 /* TicTacKataUITests */ = {
			isa = PBXNativeTarget;
			buildConfigurationList = 2F3A0B3927F1C049006490F7 /* Build configuration list for PBXNativeTarget "TicTacKataUITests" */;
			buildPhases = (
				2F3A0B2527F1C049006490F7 /* Sources */,
				2F3A0B2627F1C049006490F7 /* Frameworks */,
				2F3A0B2727F1C049006490F7 /* Resources */,
			);
			buildRules = (
			);
			dependencies = (
				2F3A0B2B27F1C049006490F7 /* PBXTargetDependency */,
			);
			name = TicTacKataUITests;
			productName = TicTacKataUITests;
			productReference = 2F3A0B2927F1C049006490F7 /* TicTacKataUITests.xctest */;
			productType = "com.apple.product-type.bundle.ui-testing";
		};
/* End PBXNativeTarget section */

/* Begin PBXProject section */
		2F3A0B0127F1C03F006490F7 /* Project object */ = {
			isa = PBXProject;
			attributes = {
				BuildIndependentTargetsInParallel = 1;
				LastSwiftUpdateCheck = 1320;
				LastUpgradeCheck = 1320;
				TargetAttributes = {
					2F3A0B0827F1C03F006490F7 = {
						CreatedOnToolsVersion = 13.2.1;
					};
					2F3A0B1E27F1C049006490F7 = {
						CreatedOnToolsVersion = 13.2.1;
						TestTargetID = 2F3A0B0827F1C03F006490F7;
					};
					2F3A0B2827F1C049006490F7 = {
						CreatedOnToolsVersion = 13.2.1;
						TestTargetID = 2F3A0B0827F1C03F006490F7;
					};
				};
			};
			buildConfigurationList = 2F3A0B0427F1C03F006490F7 /* Build configuration list for PBXProject "TicTacKata" */;
			compatibilityVersion = "Xcode 13.0";
			developmentRegion = en;
			hasScannedForEncodings = 0;
			knownRegions = (
				en,
				Base,
			);
			mainGroup = 2F3A0B0027F1C03F006490F7;
			productRefGroup = 2F3A0B0A27F1C03F006490F7 /* Products */;
			projectDirPath = "";
			projectRoot = "";
			targets = (
				2F3A0B0827F1C03F006490F7 /* TicTacKata */,
				2F3A0B1E27F1C049006490F7 /* TicTacKataTests */,
				2F3A0B2827F1C049006490F7 /* TicTacKataUITests */,
			);
		};
/* End PBXProject section */

/* Begin PBXResourcesBuildPhase section */
		2F3A0B0727F1C03F006490F7 /* Resources */ = {
			isa = PBXResourcesBuildPhase;
			buildActionMask = 2147483647;
			files = (
				2F3A0B1927F1C048006490F7 /* LaunchScreen.storyboard in Resources */,
				2F3A0B1627F1C048006490F7 /* Assets.xcassets in Resources */,
				2F3A0B1427F1C040006490F7 /* Main.storyboard in Resources */,
			);
			runOnlyForDeploymentPostprocessing = 0;
		};
		2F3A0B1D27F1C049006490F7 /* Resources */ = {
			isa = PBXResourcesBuildPhase;
			buildActionMask = 2147483647;
			files = (
			);
			runOnlyForDeploymentPostprocessing = 0;
		};
		2F3A0B2727F1C049006490F7 /* Resources */ = {
			isa = PBXResourcesBuildPhase;
			buildActionMask = 2147483647;
			files = (
			);
			runOnlyForDeploymentPostprocessing = 0;
		};
/* End PBXResourcesBuildPhase section */

/* Begin PBXSourcesBuildPhase section */
		2F3A0B0527F1C03F006490F7 /* Sources */ = {
			isa = PBXSourcesBuildPhase;
			buildActionMask = 2147483647;
			files = (
				2F3A0B1127F1C040006490F7 /* ViewController.swift in Sources */,
				2F03C5FB2852140900C58213 /* Game.swift in Sources */,
				2F3A0B0D27F1C03F006490F7 /* AppDelegate.swift in Sources */,
				2F3A0B0F27F1C040006490F7 /* SceneDelegate.swift in Sources */,
				2F3A0B3E27F1C371006490F7 /* Grid.swift in Sources */,
			);
			runOnlyForDeploymentPostprocessing = 0;
		};
		2F3A0B1B27F1C049006490F7 /* Sources */ = {
			isa = PBXSourcesBuildPhase;
			buildActionMask = 2147483647;
			files = (
				2F3A0B2427F1C049006490F7 /* TicTacKataTests.swift in Sources */,
			);
			runOnlyForDeploymentPostprocessing = 0;
		};
		2F3A0B2527F1C049006490F7 /* Sources */ = {
			isa = PBXSourcesBuildPhase;
			buildActionMask = 2147483647;
			files = (
				2F3A0B2E27F1C049006490F7 /* TicTacKataUITests.swift in Sources */,
				2F3A0B3027F1C049006490F7 /* TicTacKataUITestsLaunchTests.swift in Sources */,
			);
			runOnlyForDeploymentPostprocessing = 0;
		};
/* End PBXSourcesBuildPhase section */

/* Begin PBXTargetDependency section */
		2F3A0B2127F1C049006490F7 /* PBXTargetDependency */ = {
			isa = PBXTargetDependency;
			target = 2F3A0B0827F1C03F006490F7 /* TicTacKata */;
			targetProxy = 2F3A0B2027F1C049006490F7 /* PBXContainerItemProxy */;
		};
		2F3A0B2B27F1C049006490F7 /* PBXTargetDependency */ = {
			isa = PBXTargetDependency;
			target = 2F3A0B0827F1C03F006490F7 /* TicTacKata */;
			targetProxy = 2F3A0B2A27F1C049006490F7 /* PBXContainerItemProxy */;
		};
/* End PBXTargetDependency section */

/* Begin PBXVariantGroup section */
		2F3A0B1227F1C040006490F7 /* Main.storyboard */ = {
			isa = PBXVariantGroup;
			children = (
				2F3A0B1327F1C040006490F7 /* Base */,
			);
			name = Main.storyboard;
			sourceTree = "<group>";
		};
		2F3A0B1727F1C048006490F7 /* LaunchScreen.storyboard */ = {
			isa = PBXVariantGroup;
			children = (
				2F3A0B1827F1C048006490F7 /* Base */,
			);
			name = LaunchScreen.storyboard;
			sourceTree = "<group>";
		};
/* End PBXVariantGroup section */

/* Begin XCBuildConfiguration section */
		2F3A0B3127F1C049006490F7 /* Debug */ = {
			isa = XCBuildConfiguration;
			buildSettings = {
				ALWAYS_SEARCH_USER_PATHS = NO;
				CLANG_ANALYZER_NONNULL = YES;
				CLANG_ANALYZER_NUMBER_OBJECT_CONVERSION = YES_AGGRESSIVE;
				CLANG_CXX_LANGUAGE_STANDARD = "gnu++17";
				CLANG_CXX_LIBRARY = "libc++";
				CLANG_ENABLE_MODULES = YES;
				CLANG_ENABLE_OBJC_ARC = YES;
				CLANG_ENABLE_OBJC_WEAK = YES;
				CLANG_WARN_BLOCK_CAPTURE_AUTORELEASING = YES;
				CLANG_WARN_BOOL_CONVERSION = YES;
				CLANG_WARN_COMMA = YES;
				CLANG_WARN_CONSTANT_CONVERSION = YES;
				CLANG_WARN_DEPRECATED_OBJC_IMPLEMENTATIONS = YES;
				CLANG_WARN_DIRECT_OBJC_ISA_USAGE = YES_ERROR;
				CLANG_WARN_DOCUMENTATION_COMMENTS = YES;
				CLANG_WARN_EMPTY_BODY = YES;
				CLANG_WARN_ENUM_CONVERSION = YES;
				CLANG_WARN_INFINITE_RECURSION = YES;
				CLANG_WARN_INT_CONVERSION = YES;
				CLANG_WARN_NON_LITERAL_NULL_CONVERSION = YES;
				CLANG_WARN_OBJC_IMPLICIT_RETAIN_SELF = YES;
				CLANG_WARN_OBJC_LITERAL_CONVERSION = YES;
				CLANG_WARN_OBJC_ROOT_CLASS = YES_ERROR;
				CLANG_WARN_QUOTED_INCLUDE_IN_FRAMEWORK_HEADER = YES;
				CLANG_WARN_RANGE_LOOP_ANALYSIS = YES;
				CLANG_WARN_STRICT_PROTOTYPES = YES;
				CLANG_WARN_SUSPICIOUS_MOVE = YES;
				CLANG_WARN_UNGUARDED_AVAILABILITY = YES_AGGRESSIVE;
				CLANG_WARN_UNREACHABLE_CODE = YES;
				CLANG_WARN__DUPLICATE_METHOD_MATCH = YES;
				COPY_PHASE_STRIP = NO;
				DEBUG_INFORMATION_FORMAT = dwarf;
				ENABLE_STRICT_OBJC_MSGSEND = YES;
				ENABLE_TESTABILITY = YES;
				GCC_C_LANGUAGE_STANDARD = gnu11;
				GCC_DYNAMIC_NO_PIC = NO;
				GCC_NO_COMMON_BLOCKS = YES;
				GCC_OPTIMIZATION_LEVEL = 0;
				GCC_PREPROCESSOR_DEFINITIONS = (
					"DEBUG=1",
					"$(inherited)",
				);
				GCC_WARN_64_TO_32_BIT_CONVERSION = YES;
				GCC_WARN_ABOUT_RETURN_TYPE = YES_ERROR;
				GCC_WARN_UNDECLARED_SELECTOR = YES;
				GCC_WARN_UNINITIALIZED_AUTOS = YES_AGGRESSIVE;
				GCC_WARN_UNUSED_FUNCTION = YES;
				GCC_WARN_UNUSED_VARIABLE = YES;
				IPHONEOS_DEPLOYMENT_TARGET = 15.2;
				MTL_ENABLE_DEBUG_INFO = INCLUDE_SOURCE;
				MTL_FAST_MATH = YES;
				ONLY_ACTIVE_ARCH = YES;
				SDKROOT = iphoneos;
				SWIFT_ACTIVE_COMPILATION_CONDITIONS = DEBUG;
				SWIFT_OPTIMIZATION_LEVEL = "-Onone";
			};
			name = Debug;
		};
		2F3A0B3227F1C049006490F7 /* Release */ = {
			isa = XCBuildConfiguration;
			buildSettings = {
				ALWAYS_SEARCH_USER_PATHS = NO;
				CLANG_ANALYZER_NONNULL = YES;
				CLANG_ANALYZER_NUMBER_OBJECT_CONVERSION = YES_AGGRESSIVE;
				CLANG_CXX_LANGUAGE_STANDARD = "gnu++17";
				CLANG_CXX_LIBRARY = "libc++";
				CLANG_ENABLE_MODULES = YES;
				CLANG_ENABLE_OBJC_ARC = YES;
				CLANG_ENABLE_OBJC_WEAK = YES;
				CLANG_WARN_BLOCK_CAPTURE_AUTORELEASING = YES;
				CLANG_WARN_BOOL_CONVERSION = YES;
				CLANG_WARN_COMMA = YES;
				CLANG_WARN_CONSTANT_CONVERSION = YES;
				CLANG_WARN_DEPRECATED_OBJC_IMPLEMENTATIONS = YES;
				CLANG_WARN_DIRECT_OBJC_ISA_USAGE = YES_ERROR;
				CLANG_WARN_DOCUMENTATION_COMMENTS = YES;
				CLANG_WARN_EMPTY_BODY = YES;
				CLANG_WARN_ENUM_CONVERSION = YES;
				CLANG_WARN_INFINITE_RECURSION = YES;
				CLANG_WARN_INT_CONVERSION = YES;
				CLANG_WARN_NON_LITERAL_NULL_CONVERSION = YES;
				CLANG_WARN_OBJC_IMPLICIT_RETAIN_SELF = YES;
				CLANG_WARN_OBJC_LITERAL_CONVERSION = YES;
				CLANG_WARN_OBJC_ROOT_CLASS = YES_ERROR;
				CLANG_WARN_QUOTED_INCLUDE_IN_FRAMEWORK_HEADER = YES;
				CLANG_WARN_RANGE_LOOP_ANALYSIS = YES;
				CLANG_WARN_STRICT_PROTOTYPES = YES;
				CLANG_WARN_SUSPICIOUS_MOVE = YES;
				CLANG_WARN_UNGUARDED_AVAILABILITY = YES_AGGRESSIVE;
				CLANG_WARN_UNREACHABLE_CODE = YES;
				CLANG_WARN__DUPLICATE_METHOD_MATCH = YES;
				COPY_PHASE_STRIP = NO;
				DEBUG_INFORMATION_FORMAT = "dwarf-with-dsym";
				ENABLE_NS_ASSERTIONS = NO;
				ENABLE_STRICT_OBJC_MSGSEND = YES;
				GCC_C_LANGUAGE_STANDARD = gnu11;
				GCC_NO_COMMON_BLOCKS = YES;
				GCC_WARN_64_TO_32_BIT_CONVERSION = YES;
				GCC_WARN_ABOUT_RETURN_TYPE = YES_ERROR;
				GCC_WARN_UNDECLARED_SELECTOR = YES;
				GCC_WARN_UNINITIALIZED_AUTOS = YES_AGGRESSIVE;
				GCC_WARN_UNUSED_FUNCTION = YES;
				GCC_WARN_UNUSED_VARIABLE = YES;
				IPHONEOS_DEPLOYMENT_TARGET = 15.2;
				MTL_ENABLE_DEBUG_INFO = NO;
				MTL_FAST_MATH = YES;
				SDKROOT = iphoneos;
				SWIFT_COMPILATION_MODE = wholemodule;
				SWIFT_OPTIMIZATION_LEVEL = "-O";
				VALIDATE_PRODUCT = YES;
			};
			name = Release;
		};
		2F3A0B3427F1C049006490F7 /* Debug */ = {
			isa = XCBuildConfiguration;
			buildSettings = {
				ASSETCATALOG_COMPILER_APPICON_NAME = AppIcon;
				ASSETCATALOG_COMPILER_GLOBAL_ACCENT_COLOR_NAME = AccentColor;
				CODE_SIGN_ENTITLEMENTS = TicTacKata/TicTacKata.entitlements;
				CODE_SIGN_STYLE = Automatic;
				CURRENT_PROJECT_VERSION = 1;
				DEVELOPMENT_TEAM = 5NFMR3K5Q6;
				GENERATE_INFOPLIST_FILE = YES;
				INFOPLIST_FILE = TicTacKata/Info.plist;
				INFOPLIST_KEY_UIApplicationSupportsIndirectInputEvents = YES;
				INFOPLIST_KEY_UILaunchStoryboardName = LaunchScreen;
				INFOPLIST_KEY_UIMainStoryboardFile = Main;
				INFOPLIST_KEY_UISupportedInterfaceOrientations_iPad = "UIInterfaceOrientationPortrait UIInterfaceOrientationPortraitUpsideDown UIInterfaceOrientationLandscapeLeft UIInterfaceOrientationLandscapeRight";
				INFOPLIST_KEY_UISupportedInterfaceOrientations_iPhone = "UIInterfaceOrientationPortrait UIInterfaceOrientationLandscapeLeft UIInterfaceOrientationLandscapeRight";
				LD_RUNPATH_SEARCH_PATHS = (
					"$(inherited)",
					"@executable_path/Frameworks",
				);
				MARKETING_VERSION = 1.0;
				PRODUCT_BUNDLE_IDENTIFIER = pavelantonov.TicTacKata;
				PRODUCT_NAME = "$(TARGET_NAME)";
				SUPPORTS_MACCATALYST = YES;
				SWIFT_EMIT_LOC_STRINGS = YES;
				SWIFT_VERSION = 5.0;
				TARGETED_DEVICE_FAMILY = "1,2";
			};
			name = Debug;
		};
		2F3A0B3527F1C049006490F7 /* Release */ = {
			isa = XCBuildConfiguration;
			buildSettings = {
				ASSETCATALOG_COMPILER_APPICON_NAME = AppIcon;
				ASSETCATALOG_COMPILER_GLOBAL_ACCENT_COLOR_NAME = AccentColor;
				CODE_SIGN_ENTITLEMENTS = TicTacKata/TicTacKata.entitlements;
				CODE_SIGN_STYLE = Automatic;
				CURRENT_PROJECT_VERSION = 1;
				DEVELOPMENT_TEAM = 5NFMR3K5Q6;
				GENERATE_INFOPLIST_FILE = YES;
				INFOPLIST_FILE = TicTacKata/Info.plist;
				INFOPLIST_KEY_UIApplicationSupportsIndirectInputEvents = YES;
				INFOPLIST_KEY_UILaunchStoryboardName = LaunchScreen;
				INFOPLIST_KEY_UIMainStoryboardFile = Main;
				INFOPLIST_KEY_UISupportedInterfaceOrientations_iPad = "UIInterfaceOrientationPortrait UIInterfaceOrientationPortraitUpsideDown UIInterfaceOrientationLandscapeLeft UIInterfaceOrientationLandscapeRight";
				INFOPLIST_KEY_UISupportedInterfaceOrientations_iPhone = "UIInterfaceOrientationPortrait UIInterfaceOrientationLandscapeLeft UIInterfaceOrientationLandscapeRight";
				LD_RUNPATH_SEARCH_PATHS = (
					"$(inherited)",
					"@executable_path/Frameworks",
				);
				MARKETING_VERSION = 1.0;
				PRODUCT_BUNDLE_IDENTIFIER = pavelantonov.TicTacKata;
				PRODUCT_NAME = "$(TARGET_NAME)";
				SUPPORTS_MACCATALYST = YES;
				SWIFT_EMIT_LOC_STRINGS = YES;
				SWIFT_VERSION = 5.0;
				TARGETED_DEVICE_FAMILY = "1,2";
			};
			name = Release;
		};
		2F3A0B3727F1C049006490F7 /* Debug */ = {
			isa = XCBuildConfiguration;
			buildSettings = {
				ALWAYS_EMBED_SWIFT_STANDARD_LIBRARIES = YES;
				BUNDLE_LOADER = "$(TEST_HOST)";
				CODE_SIGN_STYLE = Automatic;
				CURRENT_PROJECT_VERSION = 1;
				DEVELOPMENT_TEAM = 5NFMR3K5Q6;
				GENERATE_INFOPLIST_FILE = YES;
				IPHONEOS_DEPLOYMENT_TARGET = 15.2;
				MARKETING_VERSION = 1.0;
				PRODUCT_BUNDLE_IDENTIFIER = pavelantonov.TicTacKataTests;
				PRODUCT_NAME = "$(TARGET_NAME)";
				SWIFT_EMIT_LOC_STRINGS = NO;
				SWIFT_VERSION = 5.0;
				TARGETED_DEVICE_FAMILY = "1,2";
				TEST_HOST = "$(BUILT_PRODUCTS_DIR)/TicTacKata.app/TicTacKata";
			};
			name = Debug;
		};
		2F3A0B3827F1C049006490F7 /* Release */ = {
			isa = XCBuildConfiguration;
			buildSettings = {
				ALWAYS_EMBED_SWIFT_STANDARD_LIBRARIES = YES;
				BUNDLE_LOADER = "$(TEST_HOST)";
				CODE_SIGN_STYLE = Automatic;
				CURRENT_PROJECT_VERSION = 1;
				DEVELOPMENT_TEAM = 5NFMR3K5Q6;
				GENERATE_INFOPLIST_FILE = YES;
				IPHONEOS_DEPLOYMENT_TARGET = 15.2;
				MARKETING_VERSION = 1.0;
				PRODUCT_BUNDLE_IDENTIFIER = pavelantonov.TicTacKataTests;
				PRODUCT_NAME = "$(TARGET_NAME)";
				SWIFT_EMIT_LOC_STRINGS = NO;
				SWIFT_VERSION = 5.0;
				TARGETED_DEVICE_FAMILY = "1,2";
				TEST_HOST = "$(BUILT_PRODUCTS_DIR)/TicTacKata.app/TicTacKata";
			};
			name = Release;
		};
		2F3A0B3A27F1C049006490F7 /* Debug */ = {
			isa = XCBuildConfiguration;
			buildSettings = {
				ALWAYS_EMBED_SWIFT_STANDARD_LIBRARIES = YES;
				CODE_SIGN_STYLE = Automatic;
				CURRENT_PROJECT_VERSION = 1;
				DEVELOPMENT_TEAM = 5NFMR3K5Q6;
				GENERATE_INFOPLIST_FILE = YES;
				MARKETING_VERSION = 1.0;
				PRODUCT_BUNDLE_IDENTIFIER = pavelantonov.TicTacKataUITests;
				PRODUCT_NAME = "$(TARGET_NAME)";
				SWIFT_EMIT_LOC_STRINGS = NO;
				SWIFT_VERSION = 5.0;
				TARGETED_DEVICE_FAMILY = "1,2";
				TEST_TARGET_NAME = TicTacKata;
			};
			name = Debug;
		};
		2F3A0B3B27F1C049006490F7 /* Release */ = {
			isa = XCBuildConfiguration;
			buildSettings = {
				ALWAYS_EMBED_SWIFT_STANDARD_LIBRARIES = YES;
				CODE_SIGN_STYLE = Automatic;
				CURRENT_PROJECT_VERSION = 1;
				DEVELOPMENT_TEAM = 5NFMR3K5Q6;
				GENERATE_INFOPLIST_FILE = YES;
				MARKETING_VERSION = 1.0;
				PRODUCT_BUNDLE_IDENTIFIER = pavelantonov.TicTacKataUITests;
				PRODUCT_NAME = "$(TARGET_NAME)";
				SWIFT_EMIT_LOC_STRINGS = NO;
				SWIFT_VERSION = 5.0;
				TARGETED_DEVICE_FAMILY = "1,2";
				TEST_TARGET_NAME = TicTacKata;
			};
			name = Release;
		};
/* End XCBuildConfiguration section */

/* Begin XCConfigurationList section */
		2F3A0B0427F1C03F006490F7 /* Build configuration list for PBXProject "TicTacKata" */ = {
			isa = XCConfigurationList;
			buildConfigurations = (
				2F3A0B3127F1C049006490F7 /* Debug */,
				2F3A0B3227F1C049006490F7 /* Release */,
			);
			defaultConfigurationIsVisible = 0;
			defaultConfigurationName = Release;
		};
		2F3A0B3327F1C049006490F7 /* Build configuration list for PBXNativeTarget "TicTacKata" */ = {
			isa = XCConfigurationList;
			buildConfigurations = (
				2F3A0B3427F1C049006490F7 /* Debug */,
				2F3A0B3527F1C049006490F7 /* Release */,
			);
			defaultConfigurationIsVisible = 0;
			defaultConfigurationName = Release;
		};
		2F3A0B3627F1C049006490F7 /* Build configuration list for PBXNativeTarget "TicTacKataTests" */ = {
			isa = XCConfigurationList;
			buildConfigurations = (
				2F3A0B3727F1C049006490F7 /* Debug */,
				2F3A0B3827F1C049006490F7 /* Release */,
			);
			defaultConfigurationIsVisible = 0;
			defaultConfigurationName = Release;
		};
		2F3A0B3927F1C049006490F7 /* Build configuration list for PBXNativeTarget "TicTacKataUITests" */ = {
			isa = XCConfigurationList;
			buildConfigurations = (
				2F3A0B3A27F1C049006490F7 /* Debug */,
				2F3A0B3B27F1C049006490F7 /* Release */,
			);
			defaultConfigurationIsVisible = 0;
			defaultConfigurationName = Release;
		};
/* End XCConfigurationList section */
	};
	rootObject = 2F3A0B0127F1C03F006490F7 /* Project object */;
}
